
Microsoft Visual Studio Solution File, Format Version 12.00
# Visual Studio 2012
Project("{FAE04EC0-301F-11D3-BF4B-00C04F79EFBC}") = "aspTrial", "aspTrial\aspTrial.csproj", "{D39FC184-AAB7-4A8E-BB8A-50AF3262F826}"
EndProject
Global
	GlobalSection(SolutionConfigurationPlatforms) = preSolution
		Debug|Any CPU = Debug|Any CPU
		Release|Any CPU = Release|Any CPU
	EndGlobalSection
	GlobalSection(ProjectConfigurationPlatforms) = postSolution
		{D39FC184-AAB7-4A8E-BB8A-50AF3262F826}.Debug|Any CPU.ActiveCfg = Debug|Any CPU
		{D39FC184-AAB7-4A8E-BB8A-50AF3262F826}.Debug|Any CPU.Build.0 = Debug|Any CPU
		{D39FC184-AAB7-4A8E-BB8A-50AF3262F826}.Release|Any CPU.ActiveCfg = Release|Any CPU
		{D39FC184-AAB7-4A8E-BB8A-50AF3262F826}.Release|Any CPU.Build.0 = Release|Any CPU
	EndGlobalSection
EndGlobal
